
Microsoft Visual Studio Solution File, Format Version 12.00
# Visual Studio Version 17
VisualStudioVersion = 17.9.34616.47
MinimumVisualStudioVersion = 10.0.40219.1
Project("{FAE04EC0-301F-11D3-BF4B-00C04F79EFBC}") = "DataConversionAndExceptionINCShap", "DataConversionAndExceptionINCShap\DataConversionAndExceptionINCShap.csproj", "{20F1D85D-E5B9-445F-90FF-D54226230C84}"
EndProject
Global
	GlobalSection(SolutionConfigurationPlatforms) = preSolution
		Debug|Any CPU = Debug|Any CPU
		Release|Any CPU = Release|Any CPU
	EndGlobalSection
	GlobalSection(ProjectConfigurationPlatforms) = postSolution
		{20F1D85D-E5B9-445F-90FF-D54226230C84}.Debug|Any CPU.ActiveCfg = Debug|Any CPU
		{20F1D85D-E5B9-445F-90FF-D54226230C84}.Debug|Any CPU.Build.0 = Debug|Any CPU
		{20F1D85D-E5B9-445F-90FF-D54226230C84}.Release|Any CPU.ActiveCfg = Release|Any CPU
		{20F1D85D-E5B9-445F-90FF-D54226230C84}.Release|Any CPU.Build.0 = Release|Any CPU
	EndGlobalSection
	GlobalSection(SolutionProperties) = preSolution
		HideSolutionNode = FALSE
	EndGlobalSection
	GlobalSection(ExtensibilityGlobals) = postSolution
		SolutionGuid = {23EFE8C3-04B7-4E71-87C6-8A2C4351492D}
	EndGlobalSection
EndGlobal
